// !$*UTF8*$!
{
	archiveVersion = 1;
	classes = {
	};
	objectVersion = 50;
	objects = {

/* Begin PBXBuildFile section */
		4C57158F2141EF5A00E06AAA /* AppDelegate.swift in Sources */ = {isa = PBXBuildFile; fileRef = 4C57158E2141EF5A00E06AAA /* AppDelegate.swift */; };
		4C5715912141EF5A00E06AAA /* ViewController.swift in Sources */ = {isa = PBXBuildFile; fileRef = 4C5715902141EF5A00E06AAA /* ViewController.swift */; };
		4C5715962141EF5B00E06AAA /* Assets.xcassets in Resources */ = {isa = PBXBuildFile; fileRef = 4C5715952141EF5B00E06AAA /* Assets.xcassets */; };
		4C5715992141EF5B00E06AAA /* LaunchScreen.storyboard in Resources */ = {isa = PBXBuildFile; fileRef = 4C5715972141EF5B00E06AAA /* LaunchScreen.storyboard */; };
		4C5715A12141EFC900E06AAA /* TestInject.swift in Sources */ = {isa = PBXBuildFile; fileRef = 4C5715A02141EFC900E06AAA /* TestInject.swift */; };
		4C5715A32141EFF200E06AAA /* Extension.swift in Sources */ = {isa = PBXBuildFile; fileRef = 4C5715A22141EFF200E06AAA /* Extension.swift */; };
		4C5715A52141F17F00E06AAA /* AlertCell.swift in Sources */ = {isa = PBXBuildFile; fileRef = 4C5715A42141F17F00E06AAA /* AlertCell.swift */; };
		4C5715A72142181C00E06AAA /* FirstCell.swift in Sources */ = {isa = PBXBuildFile; fileRef = 4C5715A62142181C00E06AAA /* FirstCell.swift */; };
		4C5715A92142182400E06AAA /* LastCell.swift in Sources */ = {isa = PBXBuildFile; fileRef = 4C5715A82142182400E06AAA /* LastCell.swift */; };
		4CFDACA12142F6530060F171 /* PriceView.swift in Sources */ = {isa = PBXBuildFile; fileRef = 4CFDACA02142F6530060F171 /* PriceView.swift */; };
/* End PBXBuildFile section */

/* Begin PBXFileReference section */
		4C57158B2141EF5A00E06AAA /* Price Alert.app */ = {isa = PBXFileReference; explicitFileType = wrapper.application; includeInIndex = 0; path = "Price Alert.app"; sourceTree = BUILT_PRODUCTS_DIR; };
		4C57158E2141EF5A00E06AAA /* AppDelegate.swift */ = {isa = PBXFileReference; lastKnownFileType = sourcecode.swift; path = AppDelegate.swift; sourceTree = "<group>"; };
		4C5715902141EF5A00E06AAA /* ViewController.swift */ = {isa = PBXFileReference; lastKnownFileType = sourcecode.swift; path = ViewController.swift; sourceTree = "<group>"; };
		4C5715952141EF5B00E06AAA /* Assets.xcassets */ = {isa = PBXFileReference; lastKnownFileType = folder.assetcatalog; path = Assets.xcassets; sourceTree = "<group>"; };
		4C5715982141EF5B00E06AAA /* Base */ = {isa = PBXFileReference; lastKnownFileType = file.storyboard; name = Base; path = Base.lproj/LaunchScreen.storyboard; sourceTree = "<group>"; };
		4C57159A2141EF5B00E06AAA /* Info.plist */ = {isa = PBXFileReference; lastKnownFileType = text.plist.xml; path = Info.plist; sourceTree = "<group>"; };
		4C5715A02141EFC900E06AAA /* TestInject.swift */ = {isa = PBXFileReference; lastKnownFileType = sourcecode.swift; path = TestInject.swift; sourceTree = "<group>"; };
		4C5715A22141EFF200E06AAA /* Extension.swift */ = {isa = PBXFileReference; lastKnownFileType = sourcecode.swift; path = Extension.swift; sourceTree = "<group>"; };
		4C5715A42141F17F00E06AAA /* AlertCell.swift */ = {isa = PBXFileReference; lastKnownFileType = sourcecode.swift; path = AlertCell.swift; sourceTree = "<group>"; };
		4C5715A62142181C00E06AAA /* FirstCell.swift */ = {isa = PBXFileReference; lastKnownFileType = sourcecode.swift; path = FirstCell.swift; sourceTree = "<group>"; };
		4C5715A82142182400E06AAA /* LastCell.swift */ = {isa = PBXFileReference; lastKnownFileType = sourcecode.swift; path = LastCell.swift; sourceTree = "<group>"; };
		4CFDACA02142F6530060F171 /* PriceView.swift */ = {isa = PBXFileReference; lastKnownFileType = sourcecode.swift; path = PriceView.swift; sourceTree = "<group>"; };
/* End PBXFileReference section */

/* Begin PBXFrameworksBuildPhase section */
		4C5715882141EF5A00E06AAA /* Frameworks */ = {
			isa = PBXFrameworksBuildPhase;
			buildActionMask = 2147483647;
			files = (
			);
			runOnlyForDeploymentPostprocessing = 0;
		};
/* End PBXFrameworksBuildPhase section */

/* Begin PBXGroup section */
		4C5715822141EF5A00E06AAA = {
			isa = PBXGroup;
			children = (
				4C57158D2141EF5A00E06AAA /* Price Alert */,
				4C57158C2141EF5A00E06AAA /* Products */,
			);
			sourceTree = "<group>";
		};
		4C57158C2141EF5A00E06AAA /* Products */ = {
			isa = PBXGroup;
			children = (
				4C57158B2141EF5A00E06AAA /* Price Alert.app */,
			);
			name = Products;
			sourceTree = "<group>";
		};
		4C57158D2141EF5A00E06AAA /* Price Alert */ = {
			isa = PBXGroup;
			children = (
				4C57158E2141EF5A00E06AAA /* AppDelegate.swift */,
				4CFDACA02142F6530060F171 /* PriceView.swift */,
				4C5715902141EF5A00E06AAA /* ViewController.swift */,
				4C5715A42141F17F00E06AAA /* AlertCell.swift */,
				4C5715A62142181C00E06AAA /* FirstCell.swift */,
				4C5715A82142182400E06AAA /* LastCell.swift */,
				4C5715952141EF5B00E06AAA /* Assets.xcassets */,
				4C5715972141EF5B00E06AAA /* LaunchScreen.storyboard */,
				4C57159A2141EF5B00E06AAA /* Info.plist */,
				4C5715A02141EFC900E06AAA /* TestInject.swift */,
				4C5715A22141EFF200E06AAA /* Extension.swift */,
			);
			path = "Price Alert";
			sourceTree = "<group>";
		};
/* End PBXGroup section */

/* Begin PBXNativeTarget section */
		4C57158A2141EF5A00E06AAA /* Price Alert */ = {
			isa = PBXNativeTarget;
			buildConfigurationList = 4C57159D2141EF5B00E06AAA /* Build configuration list for PBXNativeTarget "Price Alert" */;
			buildPhases = (
				4C5715872141EF5A00E06AAA /* Sources */,
				4C5715882141EF5A00E06AAA /* Frameworks */,
				4C5715892141EF5A00E06AAA /* Resources */,
			);
			buildRules = (
			);
			dependencies = (
			);
			name = "Price Alert";
			productName = "Price Alert";
			productReference = 4C57158B2141EF5A00E06AAA /* Price Alert.app */;
			productType = "com.apple.product-type.application";
		};
/* End PBXNativeTarget section */

/* Begin PBXProject section */
		4C5715832141EF5A00E06AAA /* Project object */ = {
			isa = PBXProject;
			attributes = {
				LastSwiftUpdateCheck = 0940;
				LastUpgradeCheck = 0940;
				ORGANIZATIONNAME = "Michael Lema";
				TargetAttributes = {
					4C57158A2141EF5A00E06AAA = {
						CreatedOnToolsVersion = 9.4.1;
					};
				};
			};
			buildConfigurationList = 4C5715862141EF5A00E06AAA /* Build configuration list for PBXProject "Price Alert" */;
			compatibilityVersion = "Xcode 9.3";
			developmentRegion = en;
			hasScannedForEncodings = 0;
			knownRegions = (
				en,
				Base,
			);
			mainGroup = 4C5715822141EF5A00E06AAA;
			productRefGroup = 4C57158C2141EF5A00E06AAA /* Products */;
			projectDirPath = "";
			projectRoot = "";
			targets = (
				4C57158A2141EF5A00E06AAA /* Price Alert */,
			);
		};
/* End PBXProject section */

/* Begin PBXResourcesBuildPhase section */
		4C5715892141EF5A00E06AAA /* Resources */ = {
			isa = PBXResourcesBuildPhase;
			buildActionMask = 2147483647;
			files = (
				4C5715992141EF5B00E06AAA /* LaunchScreen.storyboard in Resources */,
				4C5715962141EF5B00E06AAA /* Assets.xcassets in Resources */,
			);
			runOnlyForDeploymentPostprocessing = 0;
		};
/* End PBXResourcesBuildPhase section */

/* Begin PBXSourcesBuildPhase section */
		4C5715872141EF5A00E06AAA /* Sources */ = {
			isa = PBXSourcesBuildPhase;
			buildActionMask = 2147483647;
			files = (
				4CFDACA12142F6530060F171 /* PriceView.swift in Sources */,
				4C5715912141EF5A00E06AAA /* ViewController.swift in Sources */,
				4C57158F2141EF5A00E06AAA /* AppDelegate.swift in Sources */,
				4C5715A12141EFC900E06AAA /* TestInject.swift in Sources */,
				4C5715A92142182400E06AAA /* LastCell.swift in Sources */,
				4C5715A52141F17F00E06AAA /* AlertCell.swift in Sources */,
				4C5715A72142181C00E06AAA /* FirstCell.swift in Sources */,
				4C5715A32141EFF200E06AAA /* Extension.swift in Sources */,
			);
			runOnlyForDeploymentPostprocessing = 0;
		};
/* End PBXSourcesBuildPhase section */

/* Begin PBXVariantGroup section */
		4C5715972141EF5B00E06AAA /* LaunchScreen.storyboard */ = {
			isa = PBXVariantGroup;
			children = (
				4C5715982141EF5B00E06AAA /* Base */,
			);
			name = LaunchScreen.storyboard;
			sourceTree = "<group>";
		};
/* End PBXVariantGroup section */

/* Begin XCBuildConfiguration section */
		4C57159B2141EF5B00E06AAA /* Debug */ = {
			isa = XCBuildConfiguration;
			buildSettings = {
				ALWAYS_SEARCH_USER_PATHS = NO;
				CLANG_ANALYZER_NONNULL = YES;
				CLANG_ANALYZER_NUMBER_OBJECT_CONVERSION = YES_AGGRESSIVE;
				CLANG_CXX_LANGUAGE_STANDARD = "gnu++14";
				CLANG_CXX_LIBRARY = "libc++";
				CLANG_ENABLE_MODULES = YES;
				CLANG_ENABLE_OBJC_ARC = YES;
				CLANG_ENABLE_OBJC_WEAK = YES;
				CLANG_WARN_BLOCK_CAPTURE_AUTORELEASING = YES;
				CLANG_WARN_BOOL_CONVERSION = YES;
				CLANG_WARN_COMMA = YES;
				CLANG_WARN_CONSTANT_CONVERSION = YES;
				CLANG_WARN_DEPRECATED_OBJC_IMPLEMENTATIONS = YES;
				CLANG_WARN_DIRECT_OBJC_ISA_USAGE = YES_ERROR;
				CLANG_WARN_DOCUMENTATION_COMMENTS = YES;
				CLANG_WARN_EMPTY_BODY = YES;
				CLANG_WARN_ENUM_CONVERSION = YES;
				CLANG_WARN_INFINITE_RECURSION = YES;
				CLANG_WARN_INT_CONVERSION = YES;
				CLANG_WARN_NON_LITERAL_NULL_CONVERSION = YES;
				CLANG_WARN_OBJC_IMPLICIT_RETAIN_SELF = YES;
				CLANG_WARN_OBJC_LITERAL_CONVERSION = YES;
				CLANG_WARN_OBJC_ROOT_CLASS = YES_ERROR;
				CLANG_WARN_RANGE_LOOP_ANALYSIS = YES;
				CLANG_WARN_STRICT_PROTOTYPES = YES;
				CLANG_WARN_SUSPICIOUS_MOVE = YES;
				CLANG_WARN_UNGUARDED_AVAILABILITY = YES_AGGRESSIVE;
				CLANG_WARN_UNREACHABLE_CODE = YES;
				CLANG_WARN__DUPLICATE_METHOD_MATCH = YES;
				CODE_SIGN_IDENTITY = "iPhone Developer";
				COPY_PHASE_STRIP = NO;
				DEBUG_INFORMATION_FORMAT = dwarf;
				ENABLE_STRICT_OBJC_MSGSEND = YES;
				ENABLE_TESTABILITY = YES;
				GCC_C_LANGUAGE_STANDARD = gnu11;
				GCC_DYNAMIC_NO_PIC = NO;
				GCC_NO_COMMON_BLOCKS = YES;
				GCC_OPTIMIZATION_LEVEL = 0;
				GCC_PREPROCESSOR_DEFINITIONS = (
					"DEBUG=1",
					"$(inherited)",
				);
				GCC_WARN_64_TO_32_BIT_CONVERSION = YES;
				GCC_WARN_ABOUT_RETURN_TYPE = YES_ERROR;
				GCC_WARN_UNDECLARED_SELECTOR = YES;
				GCC_WARN_UNINITIALIZED_AUTOS = YES_AGGRESSIVE;
				GCC_WARN_UNUSED_FUNCTION = YES;
				GCC_WARN_UNUSED_VARIABLE = YES;
				IPHONEOS_DEPLOYMENT_TARGET = 11.4;
				MTL_ENABLE_DEBUG_INFO = YES;
				ONLY_ACTIVE_ARCH = YES;
				SDKROOT = iphoneos;
				SWIFT_ACTIVE_COMPILATION_CONDITIONS = DEBUG;
				SWIFT_OPTIMIZATION_LEVEL = "-Onone";
			};
			name = Debug;
		};
		4C57159C2141EF5B00E06AAA /* Release */ = {
			isa = XCBuildConfiguration;
			buildSettings = {
				ALWAYS_SEARCH_USER_PATHS = NO;
				CLANG_ANALYZER_NONNULL = YES;
				CLANG_ANALYZER_NUMBER_OBJECT_CONVERSION = YES_AGGRESSIVE;
				CLANG_CXX_LANGUAGE_STANDARD = "gnu++14";
				CLANG_CXX_LIBRARY = "libc++";
				CLANG_ENABLE_MODULES = YES;
				CLANG_ENABLE_OBJC_ARC = YES;
				CLANG_ENABLE_OBJC_WEAK = YES;
				CLANG_WARN_BLOCK_CAPTURE_AUTORELEASING = YES;
				CLANG_WARN_BOOL_CONVERSION = YES;
				CLANG_WARN_COMMA = YES;
				CLANG_WARN_CONSTANT_CONVERSION = YES;
				CLANG_WARN_DEPRECATED_OBJC_IMPLEMENTATIONS = YES;
				CLANG_WARN_DIRECT_OBJC_ISA_USAGE = YES_ERROR;
				CLANG_WARN_DOCUMENTATION_COMMENTS = YES;
				CLANG_WARN_EMPTY_BODY = YES;
				CLANG_WARN_ENUM_CONVERSION = YES;
				CLANG_WARN_INFINITE_RECURSION = YES;
				CLANG_WARN_INT_CONVERSION = YES;
				CLANG_WARN_NON_LITERAL_NULL_CONVERSION = YES;
				CLANG_WARN_OBJC_IMPLICIT_RETAIN_SELF = YES;
				CLANG_WARN_OBJC_LITERAL_CONVERSION = YES;
				CLANG_WARN_OBJC_ROOT_CLASS = YES_ERROR;
				CLANG_WARN_RANGE_LOOP_ANALYSIS = YES;
				CLANG_WARN_STRICT_PROTOTYPES = YES;
				CLANG_WARN_SUSPICIOUS_MOVE = YES;
				CLANG_WARN_UNGUARDED_AVAILABILITY = YES_AGGRESSIVE;
				CLANG_WARN_UNREACHABLE_CODE = YES;
				CLANG_WARN__DUPLICATE_METHOD_MATCH = YES;
				CODE_SIGN_IDENTITY = "iPhone Developer";
				COPY_PHASE_STRIP = NO;
				DEBUG_INFORMATION_FORMAT = "dwarf-with-dsym";
				ENABLE_NS_ASSERTIONS = NO;
				ENABLE_STRICT_OBJC_MSGSEND = YES;
				GCC_C_LANGUAGE_STANDARD = gnu11;
				GCC_NO_COMMON_BLOCKS = YES;
				GCC_WARN_64_TO_32_BIT_CONVERSION = YES;
				GCC_WARN_ABOUT_RETURN_TYPE = YES_ERROR;
				GCC_WARN_UNDECLARED_SELECTOR = YES;
				GCC_WARN_UNINITIALIZED_AUTOS = YES_AGGRESSIVE;
				GCC_WARN_UNUSED_FUNCTION = YES;
				GCC_WARN_UNUSED_VARIABLE = YES;
				IPHONEOS_DEPLOYMENT_TARGET = 11.4;
				MTL_ENABLE_DEBUG_INFO = NO;
				SDKROOT = iphoneos;
				SWIFT_COMPILATION_MODE = wholemodule;
				SWIFT_OPTIMIZATION_LEVEL = "-O";
				VALIDATE_PRODUCT = YES;
			};
			name = Release;
		};
		4C57159E2141EF5B00E06AAA /* Debug */ = {
			isa = XCBuildConfiguration;
			buildSettings = {
				ASSETCATALOG_COMPILER_APPICON_NAME = AppIcon;
				CODE_SIGN_STYLE = Automatic;
				DEVELOPMENT_TEAM = MFNQ54N2S6;
				INFOPLIST_FILE = "Price Alert/Info.plist";
				IPHONEOS_DEPLOYMENT_TARGET = 10.0;
				LD_RUNPATH_SEARCH_PATHS = (
					"$(inherited)",
					"@executable_path/Frameworks",
				);
				PRODUCT_BUNDLE_IDENTIFIER = "com.lema.Price-Alert";
				PRODUCT_NAME = "$(TARGET_NAME)";
				SWIFT_VERSION = 4.0;
				TARGETED_DEVICE_FAMILY = "1,2";
			};
			name = Debug;
		};
		4C57159F2141EF5B00E06AAA /* Release */ = {
			isa = XCBuildConfiguration;
			buildSettings = {
				ASSETCATALOG_COMPILER_APPICON_NAME = AppIcon;
				CODE_SIGN_STYLE = Automatic;
				DEVELOPMENT_TEAM = MFNQ54N2S6;
				INFOPLIST_FILE = "Price Alert/Info.plist";
				IPHONEOS_DEPLOYMENT_TARGET = 10.0;
				LD_RUNPATH_SEARCH_PATHS = (
					"$(inherited)",
					"@executable_path/Frameworks",
				);
				PRODUCT_BUNDLE_IDENTIFIER = "com.lema.Price-Alert";
				PRODUCT_NAME = "$(TARGET_NAME)";
				SWIFT_VERSION = 4.0;
				TARGETED_DEVICE_FAMILY = "1,2";
			};
			name = Release;
		};
/* End XCBuildConfiguration section */

/* Begin XCConfigurationList section */
		4C5715862141EF5A00E06AAA /* Build configuration list for PBXProject "Price Alert" */ = {
			isa = XCConfigurationList;
			buildConfigurations = (
				4C57159B2141EF5B00E06AAA /* Debug */,
				4C57159C2141EF5B00E06AAA /* Release */,
			);
			defaultConfigurationIsVisible = 0;
			defaultConfigurationName = Release;
		};
		4C57159D2141EF5B00E06AAA /* Build configuration list for PBXNativeTarget "Price Alert" */ = {
			isa = XCConfigurationList;
			buildConfigurations = (
				4C57159E2141EF5B00E06AAA /* Debug */,
				4C57159F2141EF5B00E06AAA /* Release */,
			);
			defaultConfigurationIsVisible = 0;
			defaultConfigurationName = Release;
		};
/* End XCConfigurationList section */
	};
	rootObject = 4C5715832141EF5A00E06AAA /* Project object */;
}
